{
  "name": "XXXXX",
  "version": "0.0.0",
  "lockfileVersion": 2,
  "requires": true,
  "packages": {
    "": {
      "name": "XXXXX",
      "version": "0.0.0",
      "license": "ISC",
      "dependencies": {
        "pareto-core-lib": "^0.8.0",
        "pareto-core-raw": "^0.4.0",
        "res-pareto-filesystem": "^0.26.0",
        "res-pareto-process": "^0.8.0",
        "res-pareto-ugly-stuff": "^0.9.0"
      }
    },
    "node_modules/api-pareto-filesystem": {
      "version": "0.11.0",
      "resolved": "https://registry.npmjs.org/api-pareto-filesystem/-/api-pareto-filesystem-0.11.0.tgz",
      "integrity": "sha512-waYezacd+SoLIFhATFrMVsM15OtI3S9tJPLDcM8/m584vwddGtEkInS4xveSPFkvlJF5zhrBeBCM9jfZy1TVEw==",
      "dependencies": {
        "pareto-core-types": "^0.6.0"
      }
    },
    "node_modules/api-pareto-filesystem/node_modules/pareto-core-types": {
      "version": "0.6.0",
      "resolved": "https://registry.npmjs.org/pareto-core-types/-/pareto-core-types-0.6.0.tgz",
      "integrity": "sha512-q9M6w+M6kgJBaroffQto9oRqsBKDpYI+JbJgO+7wVUx5QPew9kEsdevkNfjPPPWhq0grRg9Nj3t2gQy6wXyL2g=="
    },
    "node_modules/api-pareto-process": {
      "version": "0.3.0",
      "resolved": "https://registry.npmjs.org/api-pareto-process/-/api-pareto-process-0.3.0.tgz",
      "integrity": "sha512-6lC2OaVFpMk4GerumZqKOduQhxquiaRLxTFPd72ADk5edUK4TLROxFRTxXNmKSX7lPREEenHR9QnYvSF/DnVRw==",
      "dependencies": {
        "pareto-core-types": "^0.6.0"
      }
    },
    "node_modules/api-pareto-process/node_modules/pareto-core-types": {
      "version": "0.6.0",
      "resolved": "https://registry.npmjs.org/pareto-core-types/-/pareto-core-types-0.6.0.tgz",
      "integrity": "sha512-q9M6w+M6kgJBaroffQto9oRqsBKDpYI+JbJgO+7wVUx5QPew9kEsdevkNfjPPPWhq0grRg9Nj3t2gQy6wXyL2g=="
    },
    "node_modules/api-pareto-ugly-stuff": {
      "version": "0.10.0",
      "resolved": "https://registry.npmjs.org/api-pareto-ugly-stuff/-/api-pareto-ugly-stuff-0.10.0.tgz",
      "integrity": "sha512-fjAYntMW3nFFbT1DodNyiE5SPrcrRjf0tAsfhLSl/iw3hs2Gxc7mws9nhYo1SieoMRqYE5QG1WYys+nh6+lt1g==",
      "dependencies": {
        "pareto-core-types": "^0.6.0"
      }
    },
    "node_modules/api-pareto-ugly-stuff/node_modules/pareto-core-types": {
      "version": "0.6.0",
      "resolved": "https://registry.npmjs.org/pareto-core-types/-/pareto-core-types-0.6.0.tgz",
      "integrity": "sha512-q9M6w+M6kgJBaroffQto9oRqsBKDpYI+JbJgO+7wVUx5QPew9kEsdevkNfjPPPWhq0grRg9Nj3t2gQy6wXyL2g=="
    },
    "node_modules/pareto-core-internals": {
      "version": "0.2.0",
      "resolved": "https://registry.npmjs.org/pareto-core-internals/-/pareto-core-internals-0.2.0.tgz",
      "integrity": "sha512-pMiM+P1IZGSL5ZguzVZVK6UB6s0aL3AEcBc4mxb6gOGEROMi/TcgNiMHwpIzbQ9KbNVjqXRlal9NUVJHkQPrQw==",
      "dependencies": {
        "pareto-core-types": "^0.2.0"
      }
    },
    "node_modules/pareto-core-lib": {
      "version": "0.8.0",
      "resolved": "https://registry.npmjs.org/pareto-core-lib/-/pareto-core-lib-0.8.0.tgz",
      "integrity": "sha512-eb98OiCuioFRQr7xX+FMhOZjPoxWMDPmZdo7OFbrETvZ1lDse1mXPQhvsAeVVwS/indvgksj1lrzfHSTNw1UqQ==",
      "dependencies": {
        "pareto-core-internals": "^0.2.0"
      }
    },
    "node_modules/pareto-core-raw": {
      "version": "0.4.0",
      "resolved": "https://registry.npmjs.org/pareto-core-raw/-/pareto-core-raw-0.4.0.tgz",
      "integrity": "sha512-uMEuhvmaL/pUZTgik7D7jR9yTNZCYVOSRoqHF4ETCz9noDNRWSqlWDpyCZDhv1rpdVhQwvR+4u+g0GBWesQQ3g==",
      "dependencies": {
        "pareto-core-internals": "^0.7.0"
      }
    },
    "node_modules/pareto-core-raw/node_modules/pareto-core-internals": {
      "version": "0.7.0",
      "resolved": "https://registry.npmjs.org/pareto-core-internals/-/pareto-core-internals-0.7.0.tgz",
      "integrity": "sha512-1Mh7f9yFLSsFZKb3Rs/E9qGucUF2n1FcWPRfcRi47qI+FwhDfka0JbadlJaNnoVGOsY1bPMGxesTwReszBf9pw==",
      "dependencies": {
        "pareto-core-types": "^0.6.0"
      }
    },
    "node_modules/pareto-core-raw/node_modules/pareto-core-types": {
      "version": "0.6.0",
      "resolved": "https://registry.npmjs.org/pareto-core-types/-/pareto-core-types-0.6.0.tgz",
      "integrity": "sha512-q9M6w+M6kgJBaroffQto9oRqsBKDpYI+JbJgO+7wVUx5QPew9kEsdevkNfjPPPWhq0grRg9Nj3t2gQy6wXyL2g=="
    },
    "node_modules/pareto-core-types": {
      "version": "0.2.0",
      "resolved": "https://registry.npmjs.org/pareto-core-types/-/pareto-core-types-0.2.0.tgz",
      "integrity": "sha512-XopY0slTv5wAObZu0nOSsz6O86K/peQhVu+bqIBMJRKiewjawmIOqa9e8JHlFyXdMHxa0Ek4zDThWQVkiBCsKQ=="
    },
    "node_modules/res-pareto-filesystem": {
      "version": "0.26.0",
      "resolved": "https://registry.npmjs.org/res-pareto-filesystem/-/res-pareto-filesystem-0.26.0.tgz",
      "integrity": "sha512-v6nutVQtRfSR+X3PC02DpVZ5JzyvBMu3nZsoQHNoz7i/lMscMo5OM87W45q0bL6tcZ7hOPcy9QYcABXezxmCVA==",
      "dependencies": {
        "api-pareto-filesystem": "^0.11.0",
        "pareto-core-internals": "^0.8.0"
      }
    },
    "node_modules/res-pareto-filesystem/node_modules/pareto-core-internals": {
      "version": "0.8.0",
      "resolved": "https://registry.npmjs.org/pareto-core-internals/-/pareto-core-internals-0.8.0.tgz",
      "integrity": "sha512-T6uyarcFcODa8bRF/zLoAjMwNSyaY+Xsmv/lI5OipQQ2hnujCUx7XVT8+uveOgZ4kzKctRwbnfKRcVEcRgKSfQ==",
      "dependencies": {
        "pareto-core-types": "^0.6.0"
      }
    },
    "node_modules/res-pareto-filesystem/node_modules/pareto-core-types": {
      "version": "0.6.0",
      "resolved": "https://registry.npmjs.org/pareto-core-types/-/pareto-core-types-0.6.0.tgz",
      "integrity": "sha512-q9M6w+M6kgJBaroffQto9oRqsBKDpYI+JbJgO+7wVUx5QPew9kEsdevkNfjPPPWhq0grRg9Nj3t2gQy6wXyL2g=="
    },
    "node_modules/res-pareto-process": {
      "version": "0.8.0",
      "resolved": "https://registry.npmjs.org/res-pareto-process/-/res-pareto-process-0.8.0.tgz",
      "integrity": "sha512-2EcHyIDN+m/xe3gDY2up9G54g5x4Bvzh6DQTQ6U9/v0ECFM2eJJmRMWUlXEwVCpKJnsZ2WmyS6TERmG4MJSmVQ==",
      "dependencies": {
        "api-pareto-process": "^0.3.0",
        "pareto-core-internals": "^0.8.0"
      }
    },
    "node_modules/res-pareto-process/node_modules/pareto-core-internals": {
      "version": "0.8.0",
      "resolved": "https://registry.npmjs.org/pareto-core-internals/-/pareto-core-internals-0.8.0.tgz",
      "integrity": "sha512-T6uyarcFcODa8bRF/zLoAjMwNSyaY+Xsmv/lI5OipQQ2hnujCUx7XVT8+uveOgZ4kzKctRwbnfKRcVEcRgKSfQ==",
      "dependencies": {
        "pareto-core-types": "^0.6.0"
      }
    },
    "node_modules/res-pareto-process/node_modules/pareto-core-types": {
      "version": "0.6.0",
      "resolved": "https://registry.npmjs.org/pareto-core-types/-/pareto-core-types-0.6.0.tgz",
      "integrity": "sha512-q9M6w+M6kgJBaroffQto9oRqsBKDpYI+JbJgO+7wVUx5QPew9kEsdevkNfjPPPWhq0grRg9Nj3t2gQy6wXyL2g=="
    },
    "node_modules/res-pareto-ugly-stuff": {
      "version": "0.9.0",
      "resolved": "https://registry.npmjs.org/res-pareto-ugly-stuff/-/res-pareto-ugly-stuff-0.9.0.tgz",
      "integrity": "sha512-+9wBmzTtTLc9SWA2jdL1ejbMDckce0gHsVijBNYkrrBTiRgcHx0lDU/tVyA2R8YtGlie7onjWU+CsLzNmhXeZw==",
      "dependencies": {
        "api-pareto-ugly-stuff": "^0.10.0",
        "pareto-core-internals": "^0.8.0"
      }
    },
    "node_modules/res-pareto-ugly-stuff/node_modules/pareto-core-internals": {
      "version": "0.8.0",
      "resolved": "https://registry.npmjs.org/pareto-core-internals/-/pareto-core-internals-0.8.0.tgz",
      "integrity": "sha512-T6uyarcFcODa8bRF/zLoAjMwNSyaY+Xsmv/lI5OipQQ2hnujCUx7XVT8+uveOgZ4kzKctRwbnfKRcVEcRgKSfQ==",
      "dependencies": {
        "pareto-core-types": "^0.6.0"
      }
    },
    "node_modules/res-pareto-ugly-stuff/node_modules/pareto-core-types": {
      "version": "0.6.0",
      "resolved": "https://registry.npmjs.org/pareto-core-types/-/pareto-core-types-0.6.0.tgz",
      "integrity": "sha512-q9M6w+M6kgJBaroffQto9oRqsBKDpYI+JbJgO+7wVUx5QPew9kEsdevkNfjPPPWhq0grRg9Nj3t2gQy6wXyL2g=="
    }
  },
  "dependencies": {
    "api-pareto-filesystem": {
      "version": "0.11.0",
      "resolved": "https://registry.npmjs.org/api-pareto-filesystem/-/api-pareto-filesystem-0.11.0.tgz",
      "integrity": "sha512-waYezacd+SoLIFhATFrMVsM15OtI3S9tJPLDcM8/m584vwddGtEkInS4xveSPFkvlJF5zhrBeBCM9jfZy1TVEw==",
      "requires": {
        "pareto-core-types": "^0.6.0"
      },
      "dependencies": {
        "pareto-core-types": {
          "version": "0.6.0",
          "resolved": "https://registry.npmjs.org/pareto-core-types/-/pareto-core-types-0.6.0.tgz",
          "integrity": "sha512-q9M6w+M6kgJBaroffQto9oRqsBKDpYI+JbJgO+7wVUx5QPew9kEsdevkNfjPPPWhq0grRg9Nj3t2gQy6wXyL2g=="
        }
      }
    },
    "api-pareto-process": {
      "version": "0.3.0",
      "resolved": "https://registry.npmjs.org/api-pareto-process/-/api-pareto-process-0.3.0.tgz",
      "integrity": "sha512-6lC2OaVFpMk4GerumZqKOduQhxquiaRLxTFPd72ADk5edUK4TLROxFRTxXNmKSX7lPREEenHR9QnYvSF/DnVRw==",
      "requires": {
        "pareto-core-types": "^0.6.0"
      },
      "dependencies": {
        "pareto-core-types": {
          "version": "0.6.0",
          "resolved": "https://registry.npmjs.org/pareto-core-types/-/pareto-core-types-0.6.0.tgz",
          "integrity": "sha512-q9M6w+M6kgJBaroffQto9oRqsBKDpYI+JbJgO+7wVUx5QPew9kEsdevkNfjPPPWhq0grRg9Nj3t2gQy6wXyL2g=="
        }
      }
    },
    "api-pareto-ugly-stuff": {
      "version": "0.10.0",
      "resolved": "https://registry.npmjs.org/api-pareto-ugly-stuff/-/api-pareto-ugly-stuff-0.10.0.tgz",
      "integrity": "sha512-fjAYntMW3nFFbT1DodNyiE5SPrcrRjf0tAsfhLSl/iw3hs2Gxc7mws9nhYo1SieoMRqYE5QG1WYys+nh6+lt1g==",
      "requires": {
        "pareto-core-types": "^0.6.0"
      },
      "dependencies": {
        "pareto-core-types": {
          "version": "0.6.0",
          "resolved": "https://registry.npmjs.org/pareto-core-types/-/pareto-core-types-0.6.0.tgz",
          "integrity": "sha512-q9M6w+M6kgJBaroffQto9oRqsBKDpYI+JbJgO+7wVUx5QPew9kEsdevkNfjPPPWhq0grRg9Nj3t2gQy6wXyL2g=="
        }
      }
    },
    "pareto-core-internals": {
      "version": "0.2.0",
      "resolved": "https://registry.npmjs.org/pareto-core-internals/-/pareto-core-internals-0.2.0.tgz",
      "integrity": "sha512-pMiM+P1IZGSL5ZguzVZVK6UB6s0aL3AEcBc4mxb6gOGEROMi/TcgNiMHwpIzbQ9KbNVjqXRlal9NUVJHkQPrQw==",
      "requires": {
        "pareto-core-types": "^0.2.0"
      }
    },
    "pareto-core-lib": {
      "version": "0.8.0",
      "resolved": "https://registry.npmjs.org/pareto-core-lib/-/pareto-core-lib-0.8.0.tgz",
      "integrity": "sha512-eb98OiCuioFRQr7xX+FMhOZjPoxWMDPmZdo7OFbrETvZ1lDse1mXPQhvsAeVVwS/indvgksj1lrzfHSTNw1UqQ==",
      "requires": {
        "pareto-core-internals": "^0.2.0"
      }
    },
    "pareto-core-raw": {
      "version": "0.4.0",
      "resolved": "https://registry.npmjs.org/pareto-core-raw/-/pareto-core-raw-0.4.0.tgz",
      "integrity": "sha512-uMEuhvmaL/pUZTgik7D7jR9yTNZCYVOSRoqHF4ETCz9noDNRWSqlWDpyCZDhv1rpdVhQwvR+4u+g0GBWesQQ3g==",
      "requires": {
        "pareto-core-internals": "^0.7.0"
      },
      "dependencies": {
        "pareto-core-internals": {
          "version": "0.7.0",
          "resolved": "https://registry.npmjs.org/pareto-core-internals/-/pareto-core-internals-0.7.0.tgz",
          "integrity": "sha512-1Mh7f9yFLSsFZKb3Rs/E9qGucUF2n1FcWPRfcRi47qI+FwhDfka0JbadlJaNnoVGOsY1bPMGxesTwReszBf9pw==",
          "requires": {
            "pareto-core-types": "^0.6.0"
          }
        },
        "pareto-core-types": {
          "version": "0.6.0",
          "resolved": "https://registry.npmjs.org/pareto-core-types/-/pareto-core-types-0.6.0.tgz",
          "integrity": "sha512-q9M6w+M6kgJBaroffQto9oRqsBKDpYI+JbJgO+7wVUx5QPew9kEsdevkNfjPPPWhq0grRg9Nj3t2gQy6wXyL2g=="
        }
      }
    },
    "pareto-core-types": {
      "version": "0.2.0",
      "resolved": "https://registry.npmjs.org/pareto-core-types/-/pareto-core-types-0.2.0.tgz",
      "integrity": "sha512-XopY0slTv5wAObZu0nOSsz6O86K/peQhVu+bqIBMJRKiewjawmIOqa9e8JHlFyXdMHxa0Ek4zDThWQVkiBCsKQ=="
    },
    "res-pareto-filesystem": {
      "version": "0.26.0",
      "resolved": "https://registry.npmjs.org/res-pareto-filesystem/-/res-pareto-filesystem-0.26.0.tgz",
      "integrity": "sha512-v6nutVQtRfSR+X3PC02DpVZ5JzyvBMu3nZsoQHNoz7i/lMscMo5OM87W45q0bL6tcZ7hOPcy9QYcABXezxmCVA==",
      "requires": {
        "api-pareto-filesystem": "^0.11.0",
        "pareto-core-internals": "^0.8.0"
      },
      "dependencies": {
        "pareto-core-internals": {
          "version": "0.8.0",
          "resolved": "https://registry.npmjs.org/pareto-core-internals/-/pareto-core-internals-0.8.0.tgz",
          "integrity": "sha512-T6uyarcFcODa8bRF/zLoAjMwNSyaY+Xsmv/lI5OipQQ2hnujCUx7XVT8+uveOgZ4kzKctRwbnfKRcVEcRgKSfQ==",
          "requires": {
            "pareto-core-types": "^0.6.0"
          }
        },
        "pareto-core-types": {
          "version": "0.6.0",
          "resolved": "https://registry.npmjs.org/pareto-core-types/-/pareto-core-types-0.6.0.tgz",
          "integrity": "sha512-q9M6w+M6kgJBaroffQto9oRqsBKDpYI+JbJgO+7wVUx5QPew9kEsdevkNfjPPPWhq0grRg9Nj3t2gQy6wXyL2g=="
        }
      }
    },
    "res-pareto-process": {
      "version": "0.8.0",
      "resolved": "https://registry.npmjs.org/res-pareto-process/-/res-pareto-process-0.8.0.tgz",
      "integrity": "sha512-2EcHyIDN+m/xe3gDY2up9G54g5x4Bvzh6DQTQ6U9/v0ECFM2eJJmRMWUlXEwVCpKJnsZ2WmyS6TERmG4MJSmVQ==",
      "requires": {
        "api-pareto-process": "^0.3.0",
        "pareto-core-internals": "^0.8.0"
      },
      "dependencies": {
        "pareto-core-internals": {
          "version": "0.8.0",
          "resolved": "https://registry.npmjs.org/pareto-core-internals/-/pareto-core-internals-0.8.0.tgz",
          "integrity": "sha512-T6uyarcFcODa8bRF/zLoAjMwNSyaY+Xsmv/lI5OipQQ2hnujCUx7XVT8+uveOgZ4kzKctRwbnfKRcVEcRgKSfQ==",
          "requires": {
            "pareto-core-types": "^0.6.0"
          }
        },
        "pareto-core-types": {
          "version": "0.6.0",
          "resolved": "https://registry.npmjs.org/pareto-core-types/-/pareto-core-types-0.6.0.tgz",
          "integrity": "sha512-q9M6w+M6kgJBaroffQto9oRqsBKDpYI+JbJgO+7wVUx5QPew9kEsdevkNfjPPPWhq0grRg9Nj3t2gQy6wXyL2g=="
        }
      }
    },
    "res-pareto-ugly-stuff": {
      "version": "0.9.0",
      "resolved": "https://registry.npmjs.org/res-pareto-ugly-stuff/-/res-pareto-ugly-stuff-0.9.0.tgz",
      "integrity": "sha512-+9wBmzTtTLc9SWA2jdL1ejbMDckce0gHsVijBNYkrrBTiRgcHx0lDU/tVyA2R8YtGlie7onjWU+CsLzNmhXeZw==",
      "requires": {
        "api-pareto-ugly-stuff": "^0.10.0",
        "pareto-core-internals": "^0.8.0"
      },
      "dependencies": {
        "pareto-core-internals": {
          "version": "0.8.0",
          "resolved": "https://registry.npmjs.org/pareto-core-internals/-/pareto-core-internals-0.8.0.tgz",
          "integrity": "sha512-T6uyarcFcODa8bRF/zLoAjMwNSyaY+Xsmv/lI5OipQQ2hnujCUx7XVT8+uveOgZ4kzKctRwbnfKRcVEcRgKSfQ==",
          "requires": {
            "pareto-core-types": "^0.6.0"
          }
        },
        "pareto-core-types": {
          "version": "0.6.0",
          "resolved": "https://registry.npmjs.org/pareto-core-types/-/pareto-core-types-0.6.0.tgz",
          "integrity": "sha512-q9M6w+M6kgJBaroffQto9oRqsBKDpYI+JbJgO+7wVUx5QPew9kEsdevkNfjPPPWhq0grRg9Nj3t2gQy6wXyL2g=="
        }
      }
    }
  }
}
